
Microsoft Visual Studio Solution File, Format Version 12.00
# Visual Studio 15
VisualStudioVersion = 15.0.28307.572
MinimumVisualStudioVersion = 10.0.40219.1
Project("{FAE04EC0-301F-11D3-BF4B-00C04F79EFBC}") = "WelcomeApp", "WelcomeApp\WelcomeApp.csproj", "{3ABDAA0E-B6CD-4721-A278-D3E8F5865B01}"
EndProject
Project("{FAE04EC0-301F-11D3-BF4B-00C04F79EFBC}") = "WelcomeAppVBDialog", "WelcomeAppVBDialog\WelcomeAppVBDialog.csproj", "{EE2C5441-3DEA-4203-AF8A-76AFC8FD8E11}"
EndProject
Project("{FAE04EC0-301F-11D3-BF4B-00C04F79EFBC}") = "WelcomeAppWindowsForm", "WelcomeAppWindowsForm\WelcomeAppWindowsForm.csproj", "{1888C3BD-C085-4B71-BBB5-C4626BA5B690}"
EndProject
Global
	GlobalSection(SolutionConfigurationPlatforms) = preSolution
		Debug|Any CPU = Debug|Any CPU
		Release|Any CPU = Release|Any CPU
	EndGlobalSection
	GlobalSection(ProjectConfigurationPlatforms) = postSolution
		{3ABDAA0E-B6CD-4721-A278-D3E8F5865B01}.Debug|Any CPU.ActiveCfg = Debug|Any CPU
		{3ABDAA0E-B6CD-4721-A278-D3E8F5865B01}.Debug|Any CPU.Build.0 = Debug|Any CPU
		{3ABDAA0E-B6CD-4721-A278-D3E8F5865B01}.Release|Any CPU.ActiveCfg = Release|Any CPU
		{3ABDAA0E-B6CD-4721-A278-D3E8F5865B01}.Release|Any CPU.Build.0 = Release|Any CPU
		{EE2C5441-3DEA-4203-AF8A-76AFC8FD8E11}.Debug|Any CPU.ActiveCfg = Debug|Any CPU
		{EE2C5441-3DEA-4203-AF8A-76AFC8FD8E11}.Debug|Any CPU.Build.0 = Debug|Any CPU
		{EE2C5441-3DEA-4203-AF8A-76AFC8FD8E11}.Release|Any CPU.ActiveCfg = Release|Any CPU
		{EE2C5441-3DEA-4203-AF8A-76AFC8FD8E11}.Release|Any CPU.Build.0 = Release|Any CPU
		{1888C3BD-C085-4B71-BBB5-C4626BA5B690}.Debug|Any CPU.ActiveCfg = Debug|Any CPU
		{1888C3BD-C085-4B71-BBB5-C4626BA5B690}.Debug|Any CPU.Build.0 = Debug|Any CPU
		{1888C3BD-C085-4B71-BBB5-C4626BA5B690}.Release|Any CPU.ActiveCfg = Release|Any CPU
		{1888C3BD-C085-4B71-BBB5-C4626BA5B690}.Release|Any CPU.Build.0 = Release|Any CPU
	EndGlobalSection
	GlobalSection(SolutionProperties) = preSolution
		HideSolutionNode = FALSE
	EndGlobalSection
	GlobalSection(ExtensibilityGlobals) = postSolution
		SolutionGuid = {471F618E-3124-405B-85A3-986380C48B22}
	EndGlobalSection
EndGlobal
